
Microsoft Visual Studio Solution File, Format Version 12.00
# Visual Studio 15
VisualStudioVersion = 15.0.27703.2026
MinimumVisualStudioVersion = 10.0.40219.1
Project("{FAE04EC0-301F-11D3-BF4B-00C04F79EFBC}") = "WpfApp1", "WpfApp1\WpfApp1.csproj", "{559C1832-C458-48A3-8D5B-91E6DC205441}"
EndProject
Global
	GlobalSection(SolutionConfigurationPlatforms) = preSolution
		Debug|Any CPU = Debug|Any CPU
		Release|Any CPU = Release|Any CPU
	EndGlobalSection
	GlobalSection(ProjectConfigurationPlatforms) = postSolution
		{559C1832-C458-48A3-8D5B-91E6DC205441}.Debug|Any CPU.ActiveCfg = Debug|Any CPU
		{559C1832-C458-48A3-8D5B-91E6DC205441}.Debug|Any CPU.Build.0 = Debug|Any CPU
		{559C1832-C458-48A3-8D5B-91E6DC205441}.Release|Any CPU.ActiveCfg = Release|Any CPU
		{559C1832-C458-48A3-8D5B-91E6DC205441}.Release|Any CPU.Build.0 = Release|Any CPU
	EndGlobalSection
	GlobalSection(SolutionProperties) = preSolution
		HideSolutionNode = FALSE
	EndGlobalSection
	GlobalSection(ExtensibilityGlobals) = postSolution
		SolutionGuid = {90540553-0311-4D59-A51D-45612E2377F0}
	EndGlobalSection
EndGlobal
